// !$*UTF8*$!
{
	archiveVersion = 1;
	classes = {
	};
	objectVersion = 55;
	objects = {

/* Begin PBXBuildFile section */
		651224762799D2D800EE3885 /* AppDelegate.swift in Sources */ = {isa = PBXBuildFile; fileRef = 651224752799D2D800EE3885 /* AppDelegate.swift */; };
		651224782799D2D800EE3885 /* SceneDelegate.swift in Sources */ = {isa = PBXBuildFile; fileRef = 651224772799D2D800EE3885 /* SceneDelegate.swift */; };
		6512247A2799D2D800EE3885 /* ViewController.swift in Sources */ = {isa = PBXBuildFile; fileRef = 651224792799D2D800EE3885 /* ViewController.swift */; };
		6512247D2799D2D800EE3885 /* Main.storyboard in Resources */ = {isa = PBXBuildFile; fileRef = 6512247B2799D2D800EE3885 /* Main.storyboard */; };
		6512247F2799D2DA00EE3885 /* Assets.xcassets in Resources */ = {isa = PBXBuildFile; fileRef = 6512247E2799D2DA00EE3885 /* Assets.xcassets */; };
		651224822799D2DA00EE3885 /* LaunchScreen.storyboard in Resources */ = {isa = PBXBuildFile; fileRef = 651224802799D2DA00EE3885 /* LaunchScreen.storyboard */; };
		6512248D2799D2DA00EE3885 /* HelloAppTests.swift in Sources */ = {isa = PBXBuildFile; fileRef = 6512248C2799D2DA00EE3885 /* HelloAppTests.swift */; };
		651224972799D2DA00EE3885 /* HelloAppUITests.swift in Sources */ = {isa = PBXBuildFile; fileRef = 651224962799D2DA00EE3885 /* HelloAppUITests.swift */; };
		651224992799D2DA00EE3885 /* HelloAppUITestsLaunchTests.swift in Sources */ = {isa = PBXBuildFile; fileRef = 651224982799D2DA00EE3885 /* HelloAppUITestsLaunchTests.swift */; };
/* End PBXBuildFile section */

/* Begin PBXContainerItemProxy section */
		651224892799D2DA00EE3885 /* PBXContainerItemProxy */ = {
			isa = PBXContainerItemProxy;
			containerPortal = 6512246A2799D2D800EE3885 /* Project object */;
			proxyType = 1;
			remoteGlobalIDString = 651224712799D2D800EE3885;
			remoteInfo = HelloApp;
		};
		651224932799D2DA00EE3885 /* PBXContainerItemProxy */ = {
			isa = PBXContainerItemProxy;
			containerPortal = 6512246A2799D2D800EE3885 /* Project object */;
			proxyType = 1;
			remoteGlobalIDString = 651224712799D2D800EE3885;
			remoteInfo = HelloApp;
		};
/* End PBXContainerItemProxy section */

/* Begin PBXFileReference section */
		651224722799D2D800EE3885 /* HelloApp.app */ = {isa = PBXFileReference; explicitFileType = wrapper.application; includeInIndex = 0; path = HelloApp.app; sourceTree = BUILT_PRODUCTS_DIR; };
		651224752799D2D800EE3885 /* AppDelegate.swift */ = {isa = PBXFileReference; lastKnownFileType = sourcecode.swift; path = AppDelegate.swift; sourceTree = "<group>"; };
		651224772799D2D800EE3885 /* SceneDelegate.swift */ = {isa = PBXFileReference; lastKnownFileType = sourcecode.swift; path = SceneDelegate.swift; sourceTree = "<group>"; };
		651224792799D2D800EE3885 /* ViewController.swift */ = {isa = PBXFileReference; lastKnownFileType = sourcecode.swift; path = ViewController.swift; sourceTree = "<group>"; };
		6512247C2799D2D800EE3885 /* Base */ = {isa = PBXFileReference; lastKnownFileType = file.storyboard; name = Base; path = Base.lproj/Main.storyboard; sourceTree = "<group>"; };
		6512247E2799D2DA00EE3885 /* Assets.xcassets */ = {isa = PBXFileReference; lastKnownFileType = folder.assetcatalog; path = Assets.xcassets; sourceTree = "<group>"; };
		651224812799D2DA00EE3885 /* Base */ = {isa = PBXFileReference; lastKnownFileType = file.storyboard; name = Base; path = Base.lproj/LaunchScreen.storyboard; sourceTree = "<group>"; };
		651224832799D2DA00EE3885 /* Info.plist */ = {isa = PBXFileReference; lastKnownFileType = text.plist.xml; path = Info.plist; sourceTree = "<group>"; };
		651224882799D2DA00EE3885 /* HelloAppTests.xctest */ = {isa = PBXFileReference; explicitFileType = wrapper.cfbundle; includeInIndex = 0; path = HelloAppTests.xctest; sourceTree = BUILT_PRODUCTS_DIR; };
		6512248C2799D2DA00EE3885 /* HelloAppTests.swift */ = {isa = PBXFileReference; lastKnownFileType = sourcecode.swift; path = HelloAppTests.swift; sourceTree = "<group>"; };
		651224922799D2DA00EE3885 /* HelloAppUITests.xctest */ = {isa = PBXFileReference; explicitFileType = wrapper.cfbundle; includeInIndex = 0; path = HelloAppUITests.xctest; sourceTree = BUILT_PRODUCTS_DIR; };
		651224962799D2DA00EE3885 /* HelloAppUITests.swift */ = {isa = PBXFileReference; lastKnownFileType = sourcecode.swift; path = HelloAppUITests.swift; sourceTree = "<group>"; };
		651224982799D2DA00EE3885 /* HelloAppUITestsLaunchTests.swift */ = {isa = PBXFileReference; lastKnownFileType = sourcecode.swift; path = HelloAppUITestsLaunchTests.swift; sourceTree = "<group>"; };
/* End PBXFileReference section */

/* Begin PBXFrameworksBuildPhase section */
		6512246F2799D2D800EE3885 /* Frameworks */ = {
			isa = PBXFrameworksBuildPhase;
			buildActionMask = 2147483647;
			files = (
			);
			runOnlyForDeploymentPostprocessing = 0;
		};
		651224852799D2DA00EE3885 /* Frameworks */ = {
			isa = PBXFrameworksBuildPhase;
			buildActionMask = 2147483647;
			files = (
			);
			runOnlyForDeploymentPostprocessing = 0;
		};
		6512248F2799D2DA00EE3885 /* Frameworks */ = {
			isa = PBXFrameworksBuildPhase;
			buildActionMask = 2147483647;
			files = (
			);
			runOnlyForDeploymentPostprocessing = 0;
		};
/* End PBXFrameworksBuildPhase section */

/* Begin PBXGroup section */
		651224692799D2D800EE3885 = {
			isa = PBXGroup;
			children = (
				651224742799D2D800EE3885 /* HelloApp */,
				6512248B2799D2DA00EE3885 /* HelloAppTests */,
				651224952799D2DA00EE3885 /* HelloAppUITests */,
				651224732799D2D800EE3885 /* Products */,
			);
			sourceTree = "<group>";
		};
		651224732799D2D800EE3885 /* Products */ = {
			isa = PBXGroup;
			children = (
				651224722799D2D800EE3885 /* HelloApp.app */,
				651224882799D2DA00EE3885 /* HelloAppTests.xctest */,
				651224922799D2DA00EE3885 /* HelloAppUITests.xctest */,
			);
			name = Products;
			sourceTree = "<group>";
		};
		651224742799D2D800EE3885 /* HelloApp */ = {
			isa = PBXGroup;
			children = (
				651224752799D2D800EE3885 /* AppDelegate.swift */,
				651224772799D2D800EE3885 /* SceneDelegate.swift */,
				651224792799D2D800EE3885 /* ViewController.swift */,
				6512247B2799D2D800EE3885 /* Main.storyboard */,
				6512247E2799D2DA00EE3885 /* Assets.xcassets */,
				651224802799D2DA00EE3885 /* LaunchScreen.storyboard */,
				651224832799D2DA00EE3885 /* Info.plist */,
			);
			path = HelloApp;
			sourceTree = "<group>";
		};
		6512248B2799D2DA00EE3885 /* HelloAppTests */ = {
			isa = PBXGroup;
			children = (
				6512248C2799D2DA00EE3885 /* HelloAppTests.swift */,
			);
			path = HelloAppTests;
			sourceTree = "<group>";
		};
		651224952799D2DA00EE3885 /* HelloAppUITests */ = {
			isa = PBXGroup;
			children = (
				651224962799D2DA00EE3885 /* HelloAppUITests.swift */,
				651224982799D2DA00EE3885 /* HelloAppUITestsLaunchTests.swift */,
			);
			path = HelloAppUITests;
			sourceTree = "<group>";
		};
/* End PBXGroup section */

/* Begin PBXNativeTarget section */
		651224712799D2D800EE3885 /* HelloApp */ = {
			isa = PBXNativeTarget;
			buildConfigurationList = 6512249C2799D2DA00EE3885 /* Build configuration list for PBXNativeTarget "HelloApp" */;
			buildPhases = (
				6512246E2799D2D800EE3885 /* Sources */,
				6512246F2799D2D800EE3885 /* Frameworks */,
				651224702799D2D800EE3885 /* Resources */,
			);
			buildRules = (
			);
			dependencies = (
			);
			name = HelloApp;
			productName = HelloApp;
			productReference = 651224722799D2D800EE3885 /* HelloApp.app */;
			productType = "com.apple.product-type.application";
		};
		651224872799D2DA00EE3885 /* HelloAppTests */ = {
			isa = PBXNativeTarget;
			buildConfigurationList = 6512249F2799D2DA00EE3885 /* Build configuration list for PBXNativeTarget "HelloAppTests" */;
			buildPhases = (
				651224842799D2DA00EE3885 /* Sources */,
				651224852799D2DA00EE3885 /* Frameworks */,
				651224862799D2DA00EE3885 /* Resources */,
			);
			buildRules = (
			);
			dependencies = (
				6512248A2799D2DA00EE3885 /* PBXTargetDependency */,
			);
			name = HelloAppTests;
			productName = HelloAppTests;
			productReference = 651224882799D2DA00EE3885 /* HelloAppTests.xctest */;
			productType = "com.apple.product-type.bundle.unit-test";
		};
		651224912799D2DA00EE3885 /* HelloAppUITests */ = {
			isa = PBXNativeTarget;
			buildConfigurationList = 651224A22799D2DA00EE3885 /* Build configuration list for PBXNativeTarget "HelloAppUITests" */;
			buildPhases = (
				6512248E2799D2DA00EE3885 /* Sources */,
				6512248F2799D2DA00EE3885 /* Frameworks */,
				651224902799D2DA00EE3885 /* Resources */,
			);
			buildRules = (
			);
			dependencies = (
				651224942799D2DA00EE3885 /* PBXTargetDependency */,
			);
			name = HelloAppUITests;
			productName = HelloAppUITests;
			productReference = 651224922799D2DA00EE3885 /* HelloAppUITests.xctest */;
			productType = "com.apple.product-type.bundle.ui-testing";
		};
/* End PBXNativeTarget section */

/* Begin PBXProject section */
		6512246A2799D2D800EE3885 /* Project object */ = {
			isa = PBXProject;
			attributes = {
				BuildIndependentTargetsInParallel = 1;
				LastSwiftUpdateCheck = 1320;
				LastUpgradeCheck = 1320;
				TargetAttributes = {
					651224712799D2D800EE3885 = {
						CreatedOnToolsVersion = 13.2.1;
					};
					651224872799D2DA00EE3885 = {
						CreatedOnToolsVersion = 13.2.1;
						TestTargetID = 651224712799D2D800EE3885;
					};
					651224912799D2DA00EE3885 = {
						CreatedOnToolsVersion = 13.2.1;
						TestTargetID = 651224712799D2D800EE3885;
					};
				};
			};
			buildConfigurationList = 6512246D2799D2D800EE3885 /* Build configuration list for PBXProject "HelloApp" */;
			compatibilityVersion = "Xcode 13.0";
			developmentRegion = en;
			hasScannedForEncodings = 0;
			knownRegions = (
				en,
				Base,
			);
			mainGroup = 651224692799D2D800EE3885;
			productRefGroup = 651224732799D2D800EE3885 /* Products */;
			projectDirPath = "";
			projectRoot = "";
			targets = (
				651224712799D2D800EE3885 /* HelloApp */,
				651224872799D2DA00EE3885 /* HelloAppTests */,
				651224912799D2DA00EE3885 /* HelloAppUITests */,
			);
		};
/* End PBXProject section */

/* Begin PBXResourcesBuildPhase section */
		651224702799D2D800EE3885 /* Resources */ = {
			isa = PBXResourcesBuildPhase;
			buildActionMask = 2147483647;
			files = (
				651224822799D2DA00EE3885 /* LaunchScreen.storyboard in Resources */,
				6512247F2799D2DA00EE3885 /* Assets.xcassets in Resources */,
				6512247D2799D2D800EE3885 /* Main.storyboard in Resources */,
			);
			runOnlyForDeploymentPostprocessing = 0;
		};
		651224862799D2DA00EE3885 /* Resources */ = {
			isa = PBXResourcesBuildPhase;
			buildActionMask = 2147483647;
			files = (
			);
			runOnlyForDeploymentPostprocessing = 0;
		};
		651224902799D2DA00EE3885 /* Resources */ = {
			isa = PBXResourcesBuildPhase;
			buildActionMask = 2147483647;
			files = (
			);
			runOnlyForDeploymentPostprocessing = 0;
		};
/* End PBXResourcesBuildPhase section */

/* Begin PBXSourcesBuildPhase section */
		6512246E2799D2D800EE3885 /* Sources */ = {
			isa = PBXSourcesBuildPhase;
			buildActionMask = 2147483647;
			files = (
				6512247A2799D2D800EE3885 /* ViewController.swift in Sources */,
				651224762799D2D800EE3885 /* AppDelegate.swift in Sources */,
				651224782799D2D800EE3885 /* SceneDelegate.swift in Sources */,
			);
			runOnlyForDeploymentPostprocessing = 0;
		};
		651224842799D2DA00EE3885 /* Sources */ = {
			isa = PBXSourcesBuildPhase;
			buildActionMask = 2147483647;
			files = (
				6512248D2799D2DA00EE3885 /* HelloAppTests.swift in Sources */,
			);
			runOnlyForDeploymentPostprocessing = 0;
		};
		6512248E2799D2DA00EE3885 /* Sources */ = {
			isa = PBXSourcesBuildPhase;
			buildActionMask = 2147483647;
			files = (
				651224992799D2DA00EE3885 /* HelloAppUITestsLaunchTests.swift in Sources */,
				651224972799D2DA00EE3885 /* HelloAppUITests.swift in Sources */,
			);
			runOnlyForDeploymentPostprocessing = 0;
		};
/* End PBXSourcesBuildPhase section */

/* Begin PBXTargetDependency section */
		6512248A2799D2DA00EE3885 /* PBXTargetDependency */ = {
			isa = PBXTargetDependency;
			target = 651224712799D2D800EE3885 /* HelloApp */;
			targetProxy = 651224892799D2DA00EE3885 /* PBXContainerItemProxy */;
		};
		651224942799D2DA00EE3885 /* PBXTargetDependency */ = {
			isa = PBXTargetDependency;
			target = 651224712799D2D800EE3885 /* HelloApp */;
			targetProxy = 651224932799D2DA00EE3885 /* PBXContainerItemProxy */;
		};
/* End PBXTargetDependency section */

/* Begin PBXVariantGroup section */
		6512247B2799D2D800EE3885 /* Main.storyboard */ = {
			isa = PBXVariantGroup;
			children = (
				6512247C2799D2D800EE3885 /* Base */,
			);
			name = Main.storyboard;
			sourceTree = "<group>";
		};
		651224802799D2DA00EE3885 /* LaunchScreen.storyboard */ = {
			isa = PBXVariantGroup;
			children = (
				651224812799D2DA00EE3885 /* Base */,
			);
			name = LaunchScreen.storyboard;
			sourceTree = "<group>";
		};
/* End PBXVariantGroup section */

/* Begin XCBuildConfiguration section */
		6512249A2799D2DA00EE3885 /* Debug */ = {
			isa = XCBuildConfiguration;
			buildSettings = {
				ALWAYS_SEARCH_USER_PATHS = NO;
				CLANG_ANALYZER_NONNULL = YES;
				CLANG_ANALYZER_NUMBER_OBJECT_CONVERSION = YES_AGGRESSIVE;
				CLANG_CXX_LANGUAGE_STANDARD = "gnu++17";
				CLANG_CXX_LIBRARY = "libc++";
				CLANG_ENABLE_MODULES = YES;
				CLANG_ENABLE_OBJC_ARC = YES;
				CLANG_ENABLE_OBJC_WEAK = YES;
				CLANG_WARN_BLOCK_CAPTURE_AUTORELEASING = YES;
				CLANG_WARN_BOOL_CONVERSION = YES;
				CLANG_WARN_COMMA = YES;
				CLANG_WARN_CONSTANT_CONVERSION = YES;
				CLANG_WARN_DEPRECATED_OBJC_IMPLEMENTATIONS = YES;
				CLANG_WARN_DIRECT_OBJC_ISA_USAGE = YES_ERROR;
				CLANG_WARN_DOCUMENTATION_COMMENTS = YES;
				CLANG_WARN_EMPTY_BODY = YES;
				CLANG_WARN_ENUM_CONVERSION = YES;
				CLANG_WARN_INFINITE_RECURSION = YES;
				CLANG_WARN_INT_CONVERSION = YES;
				CLANG_WARN_NON_LITERAL_NULL_CONVERSION = YES;
				CLANG_WARN_OBJC_IMPLICIT_RETAIN_SELF = YES;
				CLANG_WARN_OBJC_LITERAL_CONVERSION = YES;
				CLANG_WARN_OBJC_ROOT_CLASS = YES_ERROR;
				CLANG_WARN_QUOTED_INCLUDE_IN_FRAMEWORK_HEADER = YES;
				CLANG_WARN_RANGE_LOOP_ANALYSIS = YES;
				CLANG_WARN_STRICT_PROTOTYPES = YES;
				CLANG_WARN_SUSPICIOUS_MOVE = YES;
				CLANG_WARN_UNGUARDED_AVAILABILITY = YES_AGGRESSIVE;
				CLANG_WARN_UNREACHABLE_CODE = YES;
				CLANG_WARN__DUPLICATE_METHOD_MATCH = YES;
				COPY_PHASE_STRIP = NO;
				DEBUG_INFORMATION_FORMAT = dwarf;
				ENABLE_STRICT_OBJC_MSGSEND = YES;
				ENABLE_TESTABILITY = YES;
				GCC_C_LANGUAGE_STANDARD = gnu11;
				GCC_DYNAMIC_NO_PIC = NO;
				GCC_NO_COMMON_BLOCKS = YES;
				GCC_OPTIMIZATION_LEVEL = 0;
				GCC_PREPROCESSOR_DEFINITIONS = (
					"DEBUG=1",
					"$(inherited)",
				);
				GCC_WARN_64_TO_32_BIT_CONVERSION = YES;
				GCC_WARN_ABOUT_RETURN_TYPE = YES_ERROR;
				GCC_WARN_UNDECLARED_SELECTOR = YES;
				GCC_WARN_UNINITIALIZED_AUTOS = YES_AGGRESSIVE;
				GCC_WARN_UNUSED_FUNCTION = YES;
				GCC_WARN_UNUSED_VARIABLE = YES;
				IPHONEOS_DEPLOYMENT_TARGET = 15.2;
				MTL_ENABLE_DEBUG_INFO = INCLUDE_SOURCE;
				MTL_FAST_MATH = YES;
				ONLY_ACTIVE_ARCH = YES;
				SDKROOT = iphoneos;
				SWIFT_ACTIVE_COMPILATION_CONDITIONS = DEBUG;
				SWIFT_OPTIMIZATION_LEVEL = "-Onone";
			};
			name = Debug;
		};
		6512249B2799D2DA00EE3885 /* Release */ = {
			isa = XCBuildConfiguration;
			buildSettings = {
				ALWAYS_SEARCH_USER_PATHS = NO;
				CLANG_ANALYZER_NONNULL = YES;
				CLANG_ANALYZER_NUMBER_OBJECT_CONVERSION = YES_AGGRESSIVE;
				CLANG_CXX_LANGUAGE_STANDARD = "gnu++17";
				CLANG_CXX_LIBRARY = "libc++";
				CLANG_ENABLE_MODULES = YES;
				CLANG_ENABLE_OBJC_ARC = YES;
				CLANG_ENABLE_OBJC_WEAK = YES;
				CLANG_WARN_BLOCK_CAPTURE_AUTORELEASING = YES;
				CLANG_WARN_BOOL_CONVERSION = YES;
				CLANG_WARN_COMMA = YES;
				CLANG_WARN_CONSTANT_CONVERSION = YES;
				CLANG_WARN_DEPRECATED_OBJC_IMPLEMENTATIONS = YES;
				CLANG_WARN_DIRECT_OBJC_ISA_USAGE = YES_ERROR;
				CLANG_WARN_DOCUMENTATION_COMMENTS = YES;
				CLANG_WARN_EMPTY_BODY = YES;
				CLANG_WARN_ENUM_CONVERSION = YES;
				CLANG_WARN_INFINITE_RECURSION = YES;
				CLANG_WARN_INT_CONVERSION = YES;
				CLANG_WARN_NON_LITERAL_NULL_CONVERSION = YES;
				CLANG_WARN_OBJC_IMPLICIT_RETAIN_SELF = YES;
				CLANG_WARN_OBJC_LITERAL_CONVERSION = YES;
				CLANG_WARN_OBJC_ROOT_CLASS = YES_ERROR;
				CLANG_WARN_QUOTED_INCLUDE_IN_FRAMEWORK_HEADER = YES;
				CLANG_WARN_RANGE_LOOP_ANALYSIS = YES;
				CLANG_WARN_STRICT_PROTOTYPES = YES;
				CLANG_WARN_SUSPICIOUS_MOVE = YES;
				CLANG_WARN_UNGUARDED_AVAILABILITY = YES_AGGRESSIVE;
				CLANG_WARN_UNREACHABLE_CODE = YES;
				CLANG_WARN__DUPLICATE_METHOD_MATCH = YES;
				COPY_PHASE_STRIP = NO;
				DEBUG_INFORMATION_FORMAT = "dwarf-with-dsym";
				ENABLE_NS_ASSERTIONS = NO;
				ENABLE_STRICT_OBJC_MSGSEND = YES;
				GCC_C_LANGUAGE_STANDARD = gnu11;
				GCC_NO_COMMON_BLOCKS = YES;
				GCC_WARN_64_TO_32_BIT_CONVERSION = YES;
				GCC_WARN_ABOUT_RETURN_TYPE = YES_ERROR;
				GCC_WARN_UNDECLARED_SELECTOR = YES;
				GCC_WARN_UNINITIALIZED_AUTOS = YES_AGGRESSIVE;
				GCC_WARN_UNUSED_FUNCTION = YES;
				GCC_WARN_UNUSED_VARIABLE = YES;
				IPHONEOS_DEPLOYMENT_TARGET = 15.2;
				MTL_ENABLE_DEBUG_INFO = NO;
				MTL_FAST_MATH = YES;
				SDKROOT = iphoneos;
				SWIFT_COMPILATION_MODE = wholemodule;
				SWIFT_OPTIMIZATION_LEVEL = "-O";
				VALIDATE_PRODUCT = YES;
			};
			name = Release;
		};
		6512249D2799D2DA00EE3885 /* Debug */ = {
			isa = XCBuildConfiguration;
			buildSettings = {
				ASSETCATALOG_COMPILER_APPICON_NAME = AppIcon;
				ASSETCATALOG_COMPILER_GLOBAL_ACCENT_COLOR_NAME = AccentColor;
				CODE_SIGN_STYLE = Automatic;
				CURRENT_PROJECT_VERSION = 1;
				GENERATE_INFOPLIST_FILE = YES;
				INFOPLIST_FILE = HelloApp/Info.plist;
				INFOPLIST_KEY_UIApplicationSupportsIndirectInputEvents = YES;
				INFOPLIST_KEY_UILaunchStoryboardName = LaunchScreen;
				INFOPLIST_KEY_UIMainStoryboardFile = Main;
				INFOPLIST_KEY_UISupportedInterfaceOrientations_iPad = "UIInterfaceOrientationPortrait UIInterfaceOrientationPortraitUpsideDown UIInterfaceOrientationLandscapeLeft UIInterfaceOrientationLandscapeRight";
				INFOPLIST_KEY_UISupportedInterfaceOrientations_iPhone = "UIInterfaceOrientationPortrait UIInterfaceOrientationLandscapeLeft UIInterfaceOrientationLandscapeRight";
				LD_RUNPATH_SEARCH_PATHS = (
					"$(inherited)",
					"@executable_path/Frameworks",
				);
				MARKETING_VERSION = 1.0;
				PRODUCT_BUNDLE_IDENTIFIER = com.msi.helloapp.HelloApp;
				PRODUCT_NAME = "$(TARGET_NAME)";
				SWIFT_EMIT_LOC_STRINGS = YES;
				SWIFT_VERSION = 5.0;
				TARGETED_DEVICE_FAMILY = "1,2";
			};
			name = Debug;
		};
		6512249E2799D2DA00EE3885 /* Release */ = {
			isa = XCBuildConfiguration;
			buildSettings = {
				ASSETCATALOG_COMPILER_APPICON_NAME = AppIcon;
				ASSETCATALOG_COMPILER_GLOBAL_ACCENT_COLOR_NAME = AccentColor;
				CODE_SIGN_STYLE = Automatic;
				CURRENT_PROJECT_VERSION = 1;
				GENERATE_INFOPLIST_FILE = YES;
				INFOPLIST_FILE = HelloApp/Info.plist;
				INFOPLIST_KEY_UIApplicationSupportsIndirectInputEvents = YES;
				INFOPLIST_KEY_UILaunchStoryboardName = LaunchScreen;
				INFOPLIST_KEY_UIMainStoryboardFile = Main;
				INFOPLIST_KEY_UISupportedInterfaceOrientations_iPad = "UIInterfaceOrientationPortrait UIInterfaceOrientationPortraitUpsideDown UIInterfaceOrientationLandscapeLeft UIInterfaceOrientationLandscapeRight";
				INFOPLIST_KEY_UISupportedInterfaceOrientations_iPhone = "UIInterfaceOrientationPortrait UIInterfaceOrientationLandscapeLeft UIInterfaceOrientationLandscapeRight";
				LD_RUNPATH_SEARCH_PATHS = (
					"$(inherited)",
					"@executable_path/Frameworks",
				);
				MARKETING_VERSION = 1.0;
				PRODUCT_BUNDLE_IDENTIFIER = com.msi.helloapp.HelloApp;
				PRODUCT_NAME = "$(TARGET_NAME)";
				SWIFT_EMIT_LOC_STRINGS = YES;
				SWIFT_VERSION = 5.0;
				TARGETED_DEVICE_FAMILY = "1,2";
			};
			name = Release;
		};
		651224A02799D2DA00EE3885 /* Debug */ = {
			isa = XCBuildConfiguration;
			buildSettings = {
				ALWAYS_EMBED_SWIFT_STANDARD_LIBRARIES = YES;
				BUNDLE_LOADER = "$(TEST_HOST)";
				CODE_SIGN_STYLE = Automatic;
				CURRENT_PROJECT_VERSION = 1;
				GENERATE_INFOPLIST_FILE = YES;
				IPHONEOS_DEPLOYMENT_TARGET = 15.2;
				MARKETING_VERSION = 1.0;
				PRODUCT_BUNDLE_IDENTIFIER = com.msi.helloapp.HelloAppTests;
				PRODUCT_NAME = "$(TARGET_NAME)";
				SWIFT_EMIT_LOC_STRINGS = NO;
				SWIFT_VERSION = 5.0;
				TARGETED_DEVICE_FAMILY = "1,2";
				TEST_HOST = "$(BUILT_PRODUCTS_DIR)/HelloApp.app/HelloApp";
			};
			name = Debug;
		};
		651224A12799D2DA00EE3885 /* Release */ = {
			isa = XCBuildConfiguration;
			buildSettings = {
				ALWAYS_EMBED_SWIFT_STANDARD_LIBRARIES = YES;
				BUNDLE_LOADER = "$(TEST_HOST)";
				CODE_SIGN_STYLE = Automatic;
				CURRENT_PROJECT_VERSION = 1;
				GENERATE_INFOPLIST_FILE = YES;
				IPHONEOS_DEPLOYMENT_TARGET = 15.2;
				MARKETING_VERSION = 1.0;
				PRODUCT_BUNDLE_IDENTIFIER = com.msi.helloapp.HelloAppTests;
				PRODUCT_NAME = "$(TARGET_NAME)";
				SWIFT_EMIT_LOC_STRINGS = NO;
				SWIFT_VERSION = 5.0;
				TARGETED_DEVICE_FAMILY = "1,2";
				TEST_HOST = "$(BUILT_PRODUCTS_DIR)/HelloApp.app/HelloApp";
			};
			name = Release;
		};
		651224A32799D2DA00EE3885 /* Debug */ = {
			isa = XCBuildConfiguration;
			buildSettings = {
				ALWAYS_EMBED_SWIFT_STANDARD_LIBRARIES = YES;
				CODE_SIGN_STYLE = Automatic;
				CURRENT_PROJECT_VERSION = 1;
				GENERATE_INFOPLIST_FILE = YES;
				MARKETING_VERSION = 1.0;
				PRODUCT_BUNDLE_IDENTIFIER = com.msi.helloapp.HelloAppUITests;
				PRODUCT_NAME = "$(TARGET_NAME)";
				SWIFT_EMIT_LOC_STRINGS = NO;
				SWIFT_VERSION = 5.0;
				TARGETED_DEVICE_FAMILY = "1,2";
				TEST_TARGET_NAME = HelloApp;
			};
			name = Debug;
		};
		651224A42799D2DA00EE3885 /* Release */ = {
			isa = XCBuildConfiguration;
			buildSettings = {
				ALWAYS_EMBED_SWIFT_STANDARD_LIBRARIES = YES;
				CODE_SIGN_STYLE = Automatic;
				CURRENT_PROJECT_VERSION = 1;
				GENERATE_INFOPLIST_FILE = YES;
				MARKETING_VERSION = 1.0;
				PRODUCT_BUNDLE_IDENTIFIER = com.msi.helloapp.HelloAppUITests;
				PRODUCT_NAME = "$(TARGET_NAME)";
				SWIFT_EMIT_LOC_STRINGS = NO;
				SWIFT_VERSION = 5.0;
				TARGETED_DEVICE_FAMILY = "1,2";
				TEST_TARGET_NAME = HelloApp;
			};
			name = Release;
		};
/* End XCBuildConfiguration section */

/* Begin XCConfigurationList section */
		6512246D2799D2D800EE3885 /* Build configuration list for PBXProject "HelloApp" */ = {
			isa = XCConfigurationList;
			buildConfigurations = (
				6512249A2799D2DA00EE3885 /* Debug */,
				6512249B2799D2DA00EE3885 /* Release */,
			);
			defaultConfigurationIsVisible = 0;
			defaultConfigurationName = Release;
		};
		6512249C2799D2DA00EE3885 /* Build configuration list for PBXNativeTarget "HelloApp" */ = {
			isa = XCConfigurationList;
			buildConfigurations = (
				6512249D2799D2DA00EE3885 /* Debug */,
				6512249E2799D2DA00EE3885 /* Release */,
			);
			defaultConfigurationIsVisible = 0;
			defaultConfigurationName = Release;
		};
		6512249F2799D2DA00EE3885 /* Build configuration list for PBXNativeTarget "HelloAppTests" */ = {
			isa = XCConfigurationList;
			buildConfigurations = (
				651224A02799D2DA00EE3885 /* Debug */,
				651224A12799D2DA00EE3885 /* Release */,
			);
			defaultConfigurationIsVisible = 0;
			defaultConfigurationName = Release;
		};
		651224A22799D2DA00EE3885 /* Build configuration list for PBXNativeTarget "HelloAppUITests" */ = {
			isa = XCConfigurationList;
			buildConfigurations = (
				651224A32799D2DA00EE3885 /* Debug */,
				651224A42799D2DA00EE3885 /* Release */,
			);
			defaultConfigurationIsVisible = 0;
			defaultConfigurationName = Release;
		};
/* End XCConfigurationList section */
	};
	rootObject = 6512246A2799D2D800EE3885 /* Project object */;
}
